
Microsoft Visual Studio Solution File, Format Version 12.00
# Visual Studio Version 16
VisualStudioVersion = 16.0.29215.179
MinimumVisualStudioVersion = 10.0.40219.1
Project("{FAE04EC0-301F-11D3-BF4B-00C04F79EFBC}") = "5notas", "5notas\5notas.csproj", "{64D9D847-692B-4029-8D8F-44F75A40FD9F}"
EndProject
Global
	GlobalSection(SolutionConfigurationPlatforms) = preSolution
		Debug|Any CPU = Debug|Any CPU
		Release|Any CPU = Release|Any CPU
	EndGlobalSection
	GlobalSection(ProjectConfigurationPlatforms) = postSolution
		{64D9D847-692B-4029-8D8F-44F75A40FD9F}.Debug|Any CPU.ActiveCfg = Debug|Any CPU
		{64D9D847-692B-4029-8D8F-44F75A40FD9F}.Debug|Any CPU.Build.0 = Debug|Any CPU
		{64D9D847-692B-4029-8D8F-44F75A40FD9F}.Release|Any CPU.ActiveCfg = Release|Any CPU
		{64D9D847-692B-4029-8D8F-44F75A40FD9F}.Release|Any CPU.Build.0 = Release|Any CPU
	EndGlobalSection
	GlobalSection(SolutionProperties) = preSolution
		HideSolutionNode = FALSE
	EndGlobalSection
	GlobalSection(ExtensibilityGlobals) = postSolution
		SolutionGuid = {51254A65-E13E-4E11-9B4D-B69CF0931B1C}
	EndGlobalSection
EndGlobal
